
Microsoft Visual Studio Solution File, Format Version 12.00
# Visual Studio Version 17
VisualStudioVersion = 17.9.34622.214
MinimumVisualStudioVersion = 10.0.40219.1
Project("{FAE04EC0-301F-11D3-BF4B-00C04F79EFBC}") = "CodePulse.API", "CodePulse.API\CodePulse.API.csproj", "{0DFB3CCB-0BB1-44F8-A545-3F0B30B68C12}"
EndProject
Global
	GlobalSection(SolutionConfigurationPlatforms) = preSolution
		Debug|Any CPU = Debug|Any CPU
		Release|Any CPU = Release|Any CPU
	EndGlobalSection
	GlobalSection(ProjectConfigurationPlatforms) = postSolution
		{0DFB3CCB-0BB1-44F8-A545-3F0B30B68C12}.Debug|Any CPU.ActiveCfg = Debug|Any CPU
		{0DFB3CCB-0BB1-44F8-A545-3F0B30B68C12}.Debug|Any CPU.Build.0 = Debug|Any CPU
		{0DFB3CCB-0BB1-44F8-A545-3F0B30B68C12}.Release|Any CPU.ActiveCfg = Release|Any CPU
		{0DFB3CCB-0BB1-44F8-A545-3F0B30B68C12}.Release|Any CPU.Build.0 = Release|Any CPU
	EndGlobalSection
	GlobalSection(SolutionProperties) = preSolution
		HideSolutionNode = FALSE
	EndGlobalSection
	GlobalSection(ExtensibilityGlobals) = postSolution
		SolutionGuid = {57E70253-879C-4EDD-B109-33447D50750E}
	EndGlobalSection
EndGlobal
